
Microsoft Visual Studio Solution File, Format Version 12.00
# Visual Studio 14
VisualStudioVersion = 14.0.24720.0
MinimumVisualStudioVersion = 10.0.40219.1
Project("{8BC9CEB8-8B4A-11D0-8D11-00A0C91BC942}") = "3Dmodel", "3Dmodel\3Dmodel.vcxproj", "{EB941D82-E76E-409F-900A-3748CF4A5CF3}"
EndProject
Project("{8BC9CEB8-8B4A-11D0-8D11-00A0C91BC942}") = "testMethods", "testMethods\testMethods.vcxproj", "{BAAA0DDE-2AF2-4183-80C2-E3EE3B498204}"
EndProject
Project("{8BC9CEB8-8B4A-11D0-8D11-00A0C91BC942}") = "Cloud Grabber", "Cloud Grabber\Cloud Grabber.vcxproj", "{3C741759-2914-434C-8DBE-29E2C6B19E50}"
EndProject
Global
	GlobalSection(SolutionConfigurationPlatforms) = preSolution
		Debug|x64 = Debug|x64
		Debug|x86 = Debug|x86
		Release|x64 = Release|x64
		Release|x86 = Release|x86
	EndGlobalSection
	GlobalSection(ProjectConfigurationPlatforms) = postSolution
		{EB941D82-E76E-409F-900A-3748CF4A5CF3}.Debug|x64.ActiveCfg = Debug|x64
		{EB941D82-E76E-409F-900A-3748CF4A5CF3}.Debug|x64.Build.0 = Debug|x64
		{EB941D82-E76E-409F-900A-3748CF4A5CF3}.Debug|x86.ActiveCfg = Debug|Win32
		{EB941D82-E76E-409F-900A-3748CF4A5CF3}.Debug|x86.Build.0 = Debug|Win32
		{EB941D82-E76E-409F-900A-3748CF4A5CF3}.Release|x64.ActiveCfg = Release|x64
		{EB941D82-E76E-409F-900A-3748CF4A5CF3}.Release|x64.Build.0 = Release|x64
		{EB941D82-E76E-409F-900A-3748CF4A5CF3}.Release|x86.ActiveCfg = Release|Win32
		{EB941D82-E76E-409F-900A-3748CF4A5CF3}.Release|x86.Build.0 = Release|Win32
		{BAAA0DDE-2AF2-4183-80C2-E3EE3B498204}.Debug|x64.ActiveCfg = Debug|x64
		{BAAA0DDE-2AF2-4183-80C2-E3EE3B498204}.Debug|x64.Build.0 = Debug|x64
		{BAAA0DDE-2AF2-4183-80C2-E3EE3B498204}.Debug|x86.ActiveCfg = Debug|Win32
		{BAAA0DDE-2AF2-4183-80C2-E3EE3B498204}.Debug|x86.Build.0 = Debug|Win32
		{BAAA0DDE-2AF2-4183-80C2-E3EE3B498204}.Release|x64.ActiveCfg = Release|x64
		{BAAA0DDE-2AF2-4183-80C2-E3EE3B498204}.Release|x64.Build.0 = Release|x64
		{BAAA0DDE-2AF2-4183-80C2-E3EE3B498204}.Release|x86.ActiveCfg = Release|Win32
		{BAAA0DDE-2AF2-4183-80C2-E3EE3B498204}.Release|x86.Build.0 = Release|Win32
		{3C741759-2914-434C-8DBE-29E2C6B19E50}.Debug|x64.ActiveCfg = Debug|x64
		{3C741759-2914-434C-8DBE-29E2C6B19E50}.Debug|x64.Build.0 = Debug|x64
		{3C741759-2914-434C-8DBE-29E2C6B19E50}.Debug|x86.ActiveCfg = Debug|Win32
		{3C741759-2914-434C-8DBE-29E2C6B19E50}.Debug|x86.Build.0 = Debug|Win32
		{3C741759-2914-434C-8DBE-29E2C6B19E50}.Release|x64.ActiveCfg = Release|x64
		{3C741759-2914-434C-8DBE-29E2C6B19E50}.Release|x64.Build.0 = Release|x64
		{3C741759-2914-434C-8DBE-29E2C6B19E50}.Release|x86.ActiveCfg = Release|Win32
		{3C741759-2914-434C-8DBE-29E2C6B19E50}.Release|x86.Build.0 = Release|Win32
	EndGlobalSection
	GlobalSection(SolutionProperties) = preSolution
		HideSolutionNode = FALSE
	EndGlobalSection
EndGlobal
